
Microsoft Visual Studio Solution File, Format Version 12.00
# Visual Studio Version 18
VisualStudioVersion = 18.0.0.0
MinimumVisualStudioVersion = 10.0.40219.1
Project("{FAE04EC0-301F-11D3-BF4B-00C04F79EFBC}") = "DtxNodeCheck.Core", "src\DtxNodeCheck.Core\DtxNodeCheck.Core.csproj", "{5F29A034-F8F6-42E6-A5F0-05B0230992F4}"
EndProject
Project("{FAE04EC0-301F-11D3-BF4B-00C04F79EFBC}") = "DtxNodeCheck.CoreApp", "src\DtxNodeCheck.CoreApp\DtxNodeCheck.CoreApp.csproj", "{0A55CC9E-949E-455B-B62F-506396A6F93C}"
EndProject
Project("{FAE04EC0-301F-11D3-BF4B-00C04F79EFBC}") = "DtxNodeCheck.WorkstationApp", "src\DtxNodeCheck.WorkstationApp\DtxNodeCheck.WorkstationApp.csproj", "{5C986189-C7C4-45F7-A70B-12B7DB1570ED}"
EndProject
Project("{FAE04EC0-301F-11D3-BF4B-00C04F79EFBC}") = "DtxNodeCheck.ClientApp", "src\DtxNodeCheck.ClientApp\DtxNodeCheck.ClientApp.csproj", "{2EAB70B5-892E-4F7B-9D12-CC8418DB8409}"
EndProject
Project("{2150E333-8FDC-42A3-9474-1A3956D46DE8}") = "src", "src", "{827E0CD3-B72D-47B6-A68D-7590B98EB39B}"
EndProject
Project("{FAE04EC0-301F-11D3-BF4B-00C04F79EFBC}") = "DtxNodeCheck.App", "src\DtxNodeCheck.App\DtxNodeCheck.App.csproj", "{DD6A6FEB-E285-4666-9D55-A1897F15F2AC}"
EndProject
Global
	GlobalSection(SolutionConfigurationPlatforms) = preSolution
		Debug|Any CPU = Debug|Any CPU
		Debug|x64 = Debug|x64
		Debug|x86 = Debug|x86
		Release|Any CPU = Release|Any CPU
		Release|x64 = Release|x64
		Release|x86 = Release|x86
	EndGlobalSection
	GlobalSection(ProjectConfigurationPlatforms) = postSolution
		{5F29A034-F8F6-42E6-A5F0-05B0230992F4}.Debug|Any CPU.ActiveCfg = Debug|Any CPU
		{5F29A034-F8F6-42E6-A5F0-05B0230992F4}.Debug|Any CPU.Build.0 = Debug|Any CPU
		{5F29A034-F8F6-42E6-A5F0-05B0230992F4}.Debug|x64.ActiveCfg = Debug|Any CPU
		{5F29A034-F8F6-42E6-A5F0-05B0230992F4}.Debug|x64.Build.0 = Debug|Any CPU
		{5F29A034-F8F6-42E6-A5F0-05B0230992F4}.Debug|x86.ActiveCfg = Debug|Any CPU
		{5F29A034-F8F6-42E6-A5F0-05B0230992F4}.Debug|x86.Build.0 = Debug|Any CPU
		{5F29A034-F8F6-42E6-A5F0-05B0230992F4}.Release|Any CPU.ActiveCfg = Release|Any CPU
		{5F29A034-F8F6-42E6-A5F0-05B0230992F4}.Release|Any CPU.Build.0 = Release|Any CPU
		{5F29A034-F8F6-42E6-A5F0-05B0230992F4}.Release|x64.ActiveCfg = Release|Any CPU
		{5F29A034-F8F6-42E6-A5F0-05B0230992F4}.Release|x64.Build.0 = Release|Any CPU
		{5F29A034-F8F6-42E6-A5F0-05B0230992F4}.Release|x86.ActiveCfg = Release|Any CPU
		{5F29A034-F8F6-42E6-A5F0-05B0230992F4}.Release|x86.Build.0 = Release|Any CPU
		{0A55CC9E-949E-455B-B62F-506396A6F93C}.Debug|Any CPU.ActiveCfg = Debug|Any CPU
		{0A55CC9E-949E-455B-B62F-506396A6F93C}.Debug|Any CPU.Build.0 = Debug|Any CPU
		{0A55CC9E-949E-455B-B62F-506396A6F93C}.Debug|x64.ActiveCfg = Debug|Any CPU
		{0A55CC9E-949E-455B-B62F-506396A6F93C}.Debug|x64.Build.0 = Debug|Any CPU
		{0A55CC9E-949E-455B-B62F-506396A6F93C}.Debug|x86.ActiveCfg = Debug|Any CPU
		{0A55CC9E-949E-455B-B62F-506396A6F93C}.Debug|x86.Build.0 = Debug|Any CPU
		{0A55CC9E-949E-455B-B62F-506396A6F93C}.Release|Any CPU.ActiveCfg = Release|Any CPU
		{0A55CC9E-949E-455B-B62F-506396A6F93C}.Release|Any CPU.Build.0 = Release|Any CPU
		{0A55CC9E-949E-455B-B62F-506396A6F93C}.Release|x64.ActiveCfg = Release|Any CPU
		{0A55CC9E-949E-455B-B62F-506396A6F93C}.Release|x64.Build.0 = Release|Any CPU
		{0A55CC9E-949E-455B-B62F-506396A6F93C}.Release|x86.ActiveCfg = Release|Any CPU
		{0A55CC9E-949E-455B-B62F-506396A6F93C}.Release|x86.Build.0 = Release|Any CPU
		{5C986189-C7C4-45F7-A70B-12B7DB1570ED}.Debug|Any CPU.ActiveCfg = Debug|Any CPU
		{5C986189-C7C4-45F7-A70B-12B7DB1570ED}.Debug|Any CPU.Build.0 = Debug|Any CPU
		{5C986189-C7C4-45F7-A70B-12B7DB1570ED}.Debug|x64.ActiveCfg = Debug|Any CPU
		{5C986189-C7C4-45F7-A70B-12B7DB1570ED}.Debug|x64.Build.0 = Debug|Any CPU
		{5C986189-C7C4-45F7-A70B-12B7DB1570ED}.Debug|x86.ActiveCfg = Debug|Any CPU
		{5C986189-C7C4-45F7-A70B-12B7DB1570ED}.Debug|x86.Build.0 = Debug|Any CPU
		{5C986189-C7C4-45F7-A70B-12B7DB1570ED}.Release|Any CPU.ActiveCfg = Release|Any CPU
		{5C986189-C7C4-45F7-A70B-12B7DB1570ED}.Release|Any CPU.Build.0 = Release|Any CPU
		{5C986189-C7C4-45F7-A70B-12B7DB1570ED}.Release|x64.ActiveCfg = Release|Any CPU
		{5C986189-C7C4-45F7-A70B-12B7DB1570ED}.Release|x64.Build.0 = Release|Any CPU
		{5C986189-C7C4-45F7-A70B-12B7DB1570ED}.Release|x86.ActiveCfg = Release|Any CPU
		{5C986189-C7C4-45F7-A70B-12B7DB1570ED}.Release|x86.Build.0 = Release|Any CPU
		{2EAB70B5-892E-4F7B-9D12-CC8418DB8409}.Debug|Any CPU.ActiveCfg = Debug|Any CPU
		{2EAB70B5-892E-4F7B-9D12-CC8418DB8409}.Debug|Any CPU.Build.0 = Debug|Any CPU
		{2EAB70B5-892E-4F7B-9D12-CC8418DB8409}.Debug|x64.ActiveCfg = Debug|Any CPU
		{2EAB70B5-892E-4F7B-9D12-CC8418DB8409}.Debug|x64.Build.0 = Debug|Any CPU
		{2EAB70B5-892E-4F7B-9D12-CC8418DB8409}.Debug|x86.ActiveCfg = Debug|Any CPU
		{2EAB70B5-892E-4F7B-9D12-CC8418DB8409}.Debug|x86.Build.0 = Debug|Any CPU
		{2EAB70B5-892E-4F7B-9D12-CC8418DB8409}.Release|Any CPU.ActiveCfg = Release|Any CPU
		{2EAB70B5-892E-4F7B-9D12-CC8418DB8409}.Release|Any CPU.Build.0 = Release|Any CPU
		{2EAB70B5-892E-4F7B-9D12-CC8418DB8409}.Release|x64.ActiveCfg = Release|Any CPU
		{2EAB70B5-892E-4F7B-9D12-CC8418DB8409}.Release|x64.Build.0 = Release|Any CPU
		{2EAB70B5-892E-4F7B-9D12-CC8418DB8409}.Release|x86.ActiveCfg = Release|Any CPU
		{2EAB70B5-892E-4F7B-9D12-CC8418DB8409}.Release|x86.Build.0 = Release|Any CPU
		{DD6A6FEB-E285-4666-9D55-A1897F15F2AC}.Debug|Any CPU.ActiveCfg = Debug|Any CPU
		{DD6A6FEB-E285-4666-9D55-A1897F15F2AC}.Debug|Any CPU.Build.0 = Debug|Any CPU
		{DD6A6FEB-E285-4666-9D55-A1897F15F2AC}.Debug|x64.ActiveCfg = Debug|Any CPU
		{DD6A6FEB-E285-4666-9D55-A1897F15F2AC}.Debug|x64.Build.0 = Debug|Any CPU
		{DD6A6FEB-E285-4666-9D55-A1897F15F2AC}.Debug|x86.ActiveCfg = Debug|Any CPU
		{DD6A6FEB-E285-4666-9D55-A1897F15F2AC}.Debug|x86.Build.0 = Debug|Any CPU
		{DD6A6FEB-E285-4666-9D55-A1897F15F2AC}.Release|Any CPU.ActiveCfg = Release|Any CPU
		{DD6A6FEB-E285-4666-9D55-A1897F15F2AC}.Release|Any CPU.Build.0 = Release|Any CPU
		{DD6A6FEB-E285-4666-9D55-A1897F15F2AC}.Release|x64.ActiveCfg = Release|Any CPU
		{DD6A6FEB-E285-4666-9D55-A1897F15F2AC}.Release|x64.Build.0 = Release|Any CPU
		{DD6A6FEB-E285-4666-9D55-A1897F15F2AC}.Release|x86.ActiveCfg = Release|Any CPU
		{DD6A6FEB-E285-4666-9D55-A1897F15F2AC}.Release|x86.Build.0 = Release|Any CPU
	EndGlobalSection
	GlobalSection(SolutionProperties) = preSolution
		HideSolutionNode = FALSE
	EndGlobalSection
	GlobalSection(NestedProjects) = preSolution
		{DD6A6FEB-E285-4666-9D55-A1897F15F2AC} = {827E0CD3-B72D-47B6-A68D-7590B98EB39B}
	EndGlobalSection
EndGlobal
